
Microsoft Visual Studio Solution File, Format Version 12.00
# Visual Studio Version 16
VisualStudioVersion = 16.0.30204.135
MinimumVisualStudioVersion = 10.0.40219.1
Project("{FAE04EC0-301F-11D3-BF4B-00C04F79EFBC}") = "ELibrary", "ELibrary.csproj", "{58B98BD2-53C7-459E-A787-A96F9D42BF20}"
EndProject
Global
	GlobalSection(SolutionConfigurationPlatforms) = preSolution
		Debug|Any CPU = Debug|Any CPU
		Release|Any CPU = Release|Any CPU
	EndGlobalSection
	GlobalSection(ProjectConfigurationPlatforms) = postSolution
		{58B98BD2-53C7-459E-A787-A96F9D42BF20}.Debug|Any CPU.ActiveCfg = Debug|Any CPU
		{58B98BD2-53C7-459E-A787-A96F9D42BF20}.Debug|Any CPU.Build.0 = Debug|Any CPU
		{58B98BD2-53C7-459E-A787-A96F9D42BF20}.Release|Any CPU.ActiveCfg = Release|Any CPU
		{58B98BD2-53C7-459E-A787-A96F9D42BF20}.Release|Any CPU.Build.0 = Release|Any CPU
	EndGlobalSection
	GlobalSection(SolutionProperties) = preSolution
		HideSolutionNode = FALSE
	EndGlobalSection
	GlobalSection(ExtensibilityGlobals) = postSolution
		SolutionGuid = {E809E892-58D4-445A-A0D6-EFD5502C1EEC}
	EndGlobalSection
EndGlobal
